
Microsoft Visual Studio Solution File, Format Version 12.00
# Visual Studio Version 17
VisualStudioVersion = 17.4.33213.308
MinimumVisualStudioVersion = 10.0.40219.1
Project("{9A19103F-16F7-4668-BE54-9A1E7A4F7556}") = "NewScotApp.Getway", "NewScottApp\NewScotApp.Getway.csproj", "{39F25ABC-8889-4A12-812D-CF961F38CE00}"
EndProject
Project("{2150E333-8FDC-42A3-9474-1A3956D46DE8}") = "Base", "Base", "{233A8D18-3FAF-4C32-AFFB-CE114DDB4639}"
EndProject
Project("{9A19103F-16F7-4668-BE54-9A1E7A4F7556}") = "Base.Domain", "Base.Domain\Base.Domain.csproj", "{0E34B0E5-F204-4536-ABEE-78D93C28635B}"
EndProject
Project("{9A19103F-16F7-4668-BE54-9A1E7A4F7556}") = "Base.Infrastructure", "Base.Infrastructure\Base.Infrastructure.csproj", "{CF2C6580-A8A0-42A9-A29B-F354CE76225F}"
EndProject
Project("{9A19103F-16F7-4668-BE54-9A1E7A4F7556}") = "Base.Extensions", "Base.Extensions\Base.Extensions.csproj", "{675D4C55-FBE9-4830-A7F3-ACB7E2F83501}"
EndProject
Project("{9A19103F-16F7-4668-BE54-9A1E7A4F7556}") = "Base.Application", "Base.Application\Base.Application.csproj", "{7561F31F-BB47-45B3-8050-B775D912A036}"
EndProject
Project("{9A19103F-16F7-4668-BE54-9A1E7A4F7556}") = "Base.Api", "Base.Api\Base.Api.csproj", "{7B6E6048-A476-4046-A621-828E7CE0861F}"
EndProject
Project("{9A19103F-16F7-4668-BE54-9A1E7A4F7556}") = "NewScotApp.Setup", "NewScottApp.Setup\NewScotApp.Setup.csproj", "{82C8877F-FA7F-484A-80D3-2C865C1C7397}"
EndProject
Project("{9A19103F-16F7-4668-BE54-9A1E7A4F7556}") = "NewScotApp.SignalR", "NewScottApp.SignalR\NewScotApp.SignalR.csproj", "{BBB289A2-A7A3-4AF4-BBCE-9E95155EF2E3}"
EndProject
Project("{2150E333-8FDC-42A3-9474-1A3956D46DE8}") = "NewScotApp.Configuration", "NewScotApp.Configuration", "{A5DCE1AD-3D78-47EA-BAB3-175A9F263D0B}"
EndProject
Project("{2150E333-8FDC-42A3-9474-1A3956D46DE8}") = "NewScoteApp.Shared", "NewScoteApp.Shared", "{C99DDED1-6C97-42D2-B9F9-FA0205405A57}"
EndProject
Project("{9A19103F-16F7-4668-BE54-9A1E7A4F7556}") = "Configuration.Api", "Configuration.Api\Configuration.Api.csproj", "{EDD154CF-11E5-44F3-B8C3-E6DE2EEC2B97}"
EndProject
Project("{9A19103F-16F7-4668-BE54-9A1E7A4F7556}") = "Configuration.Application", "Configuration.Application\Configuration.Application.csproj", "{072791CA-DDE2-4BA3-963B-A92F0616BC41}"
EndProject
Project("{9A19103F-16F7-4668-BE54-9A1E7A4F7556}") = "Configuration.Infrastructure", "Configuration.Infrustructure\Configuration.Infrastructure.csproj", "{8A15D723-ED93-4D50-8B22-4C9220675426}"
EndProject
Project("{9A19103F-16F7-4668-BE54-9A1E7A4F7556}") = "Configuration.Domain", "Configuration.Domain\Configuration.Domain.csproj", "{41313E9B-2665-4B97-A0C2-63B7004C87FC}"
EndProject
Project("{9A19103F-16F7-4668-BE54-9A1E7A4F7556}") = "Configuration.Reprisotry", "Configuration.Reprisotry\Configuration.Reprisotry.csproj", "{CAB0AD9A-71F2-4650-BEB4-7BEE19D15723}"
EndProject
Project("{9A19103F-16F7-4668-BE54-9A1E7A4F7556}") = "NewScotApp.Shared", "NewScotApp.Shared\NewScotApp.Shared.csproj", "{A9AA82A9-50DF-43C7-A360-EE28BD55882E}"
EndProject
Project("{2150E333-8FDC-42A3-9474-1A3956D46DE8}") = "src", "src", "{637DF0A4-CAA9-4CA4-9B2F-722EBF7F2C28}"
EndProject
Project("{2150E333-8FDC-42A3-9474-1A3956D46DE8}") = "SignalR", "SignalR", "{1DB3DF37-DDAE-406D-B6E9-5391A2E81788}"
EndProject
Project("{2150E333-8FDC-42A3-9474-1A3956D46DE8}") = "Getway", "Getway", "{C46C40F0-F7A3-48A2-A9DD-F7CD1E31EBF7}"
EndProject
Global
	GlobalSection(SolutionConfigurationPlatforms) = preSolution
		Debug|Any CPU = Debug|Any CPU
		Release|Any CPU = Release|Any CPU
	EndGlobalSection
	GlobalSection(ProjectConfigurationPlatforms) = postSolution
		{39F25ABC-8889-4A12-812D-CF961F38CE00}.Debug|Any CPU.ActiveCfg = Debug|Any CPU
		{39F25ABC-8889-4A12-812D-CF961F38CE00}.Debug|Any CPU.Build.0 = Debug|Any CPU
		{39F25ABC-8889-4A12-812D-CF961F38CE00}.Release|Any CPU.ActiveCfg = Release|Any CPU
		{39F25ABC-8889-4A12-812D-CF961F38CE00}.Release|Any CPU.Build.0 = Release|Any CPU
		{0E34B0E5-F204-4536-ABEE-78D93C28635B}.Debug|Any CPU.ActiveCfg = Debug|Any CPU
		{0E34B0E5-F204-4536-ABEE-78D93C28635B}.Debug|Any CPU.Build.0 = Debug|Any CPU
		{0E34B0E5-F204-4536-ABEE-78D93C28635B}.Release|Any CPU.ActiveCfg = Release|Any CPU
		{0E34B0E5-F204-4536-ABEE-78D93C28635B}.Release|Any CPU.Build.0 = Release|Any CPU
		{CF2C6580-A8A0-42A9-A29B-F354CE76225F}.Debug|Any CPU.ActiveCfg = Debug|Any CPU
		{CF2C6580-A8A0-42A9-A29B-F354CE76225F}.Debug|Any CPU.Build.0 = Debug|Any CPU
		{CF2C6580-A8A0-42A9-A29B-F354CE76225F}.Release|Any CPU.ActiveCfg = Release|Any CPU
		{CF2C6580-A8A0-42A9-A29B-F354CE76225F}.Release|Any CPU.Build.0 = Release|Any CPU
		{675D4C55-FBE9-4830-A7F3-ACB7E2F83501}.Debug|Any CPU.ActiveCfg = Debug|Any CPU
		{675D4C55-FBE9-4830-A7F3-ACB7E2F83501}.Debug|Any CPU.Build.0 = Debug|Any CPU
		{675D4C55-FBE9-4830-A7F3-ACB7E2F83501}.Release|Any CPU.ActiveCfg = Release|Any CPU
		{675D4C55-FBE9-4830-A7F3-ACB7E2F83501}.Release|Any CPU.Build.0 = Release|Any CPU
		{7561F31F-BB47-45B3-8050-B775D912A036}.Debug|Any CPU.ActiveCfg = Debug|Any CPU
		{7561F31F-BB47-45B3-8050-B775D912A036}.Debug|Any CPU.Build.0 = Debug|Any CPU
		{7561F31F-BB47-45B3-8050-B775D912A036}.Release|Any CPU.ActiveCfg = Release|Any CPU
		{7561F31F-BB47-45B3-8050-B775D912A036}.Release|Any CPU.Build.0 = Release|Any CPU
		{7B6E6048-A476-4046-A621-828E7CE0861F}.Debug|Any CPU.ActiveCfg = Debug|Any CPU
		{7B6E6048-A476-4046-A621-828E7CE0861F}.Debug|Any CPU.Build.0 = Debug|Any CPU
		{7B6E6048-A476-4046-A621-828E7CE0861F}.Release|Any CPU.ActiveCfg = Release|Any CPU
		{7B6E6048-A476-4046-A621-828E7CE0861F}.Release|Any CPU.Build.0 = Release|Any CPU
		{82C8877F-FA7F-484A-80D3-2C865C1C7397}.Debug|Any CPU.ActiveCfg = Debug|Any CPU
		{82C8877F-FA7F-484A-80D3-2C865C1C7397}.Debug|Any CPU.Build.0 = Debug|Any CPU
		{82C8877F-FA7F-484A-80D3-2C865C1C7397}.Release|Any CPU.ActiveCfg = Release|Any CPU
		{82C8877F-FA7F-484A-80D3-2C865C1C7397}.Release|Any CPU.Build.0 = Release|Any CPU
		{BBB289A2-A7A3-4AF4-BBCE-9E95155EF2E3}.Debug|Any CPU.ActiveCfg = Debug|Any CPU
		{BBB289A2-A7A3-4AF4-BBCE-9E95155EF2E3}.Debug|Any CPU.Build.0 = Debug|Any CPU
		{BBB289A2-A7A3-4AF4-BBCE-9E95155EF2E3}.Release|Any CPU.ActiveCfg = Release|Any CPU
		{BBB289A2-A7A3-4AF4-BBCE-9E95155EF2E3}.Release|Any CPU.Build.0 = Release|Any CPU
		{EDD154CF-11E5-44F3-B8C3-E6DE2EEC2B97}.Debug|Any CPU.ActiveCfg = Debug|Any CPU
		{EDD154CF-11E5-44F3-B8C3-E6DE2EEC2B97}.Debug|Any CPU.Build.0 = Debug|Any CPU
		{EDD154CF-11E5-44F3-B8C3-E6DE2EEC2B97}.Release|Any CPU.ActiveCfg = Release|Any CPU
		{EDD154CF-11E5-44F3-B8C3-E6DE2EEC2B97}.Release|Any CPU.Build.0 = Release|Any CPU
		{072791CA-DDE2-4BA3-963B-A92F0616BC41}.Debug|Any CPU.ActiveCfg = Debug|Any CPU
		{072791CA-DDE2-4BA3-963B-A92F0616BC41}.Debug|Any CPU.Build.0 = Debug|Any CPU
		{072791CA-DDE2-4BA3-963B-A92F0616BC41}.Release|Any CPU.ActiveCfg = Release|Any CPU
		{072791CA-DDE2-4BA3-963B-A92F0616BC41}.Release|Any CPU.Build.0 = Release|Any CPU
		{8A15D723-ED93-4D50-8B22-4C9220675426}.Debug|Any CPU.ActiveCfg = Debug|Any CPU
		{8A15D723-ED93-4D50-8B22-4C9220675426}.Debug|Any CPU.Build.0 = Debug|Any CPU
		{8A15D723-ED93-4D50-8B22-4C9220675426}.Release|Any CPU.ActiveCfg = Release|Any CPU
		{8A15D723-ED93-4D50-8B22-4C9220675426}.Release|Any CPU.Build.0 = Release|Any CPU
		{41313E9B-2665-4B97-A0C2-63B7004C87FC}.Debug|Any CPU.ActiveCfg = Debug|Any CPU
		{41313E9B-2665-4B97-A0C2-63B7004C87FC}.Debug|Any CPU.Build.0 = Debug|Any CPU
		{41313E9B-2665-4B97-A0C2-63B7004C87FC}.Release|Any CPU.ActiveCfg = Release|Any CPU
		{41313E9B-2665-4B97-A0C2-63B7004C87FC}.Release|Any CPU.Build.0 = Release|Any CPU
		{CAB0AD9A-71F2-4650-BEB4-7BEE19D15723}.Debug|Any CPU.ActiveCfg = Debug|Any CPU
		{CAB0AD9A-71F2-4650-BEB4-7BEE19D15723}.Debug|Any CPU.Build.0 = Debug|Any CPU
		{CAB0AD9A-71F2-4650-BEB4-7BEE19D15723}.Release|Any CPU.ActiveCfg = Release|Any CPU
		{CAB0AD9A-71F2-4650-BEB4-7BEE19D15723}.Release|Any CPU.Build.0 = Release|Any CPU
		{A9AA82A9-50DF-43C7-A360-EE28BD55882E}.Debug|Any CPU.ActiveCfg = Debug|Any CPU
		{A9AA82A9-50DF-43C7-A360-EE28BD55882E}.Debug|Any CPU.Build.0 = Debug|Any CPU
		{A9AA82A9-50DF-43C7-A360-EE28BD55882E}.Release|Any CPU.ActiveCfg = Release|Any CPU
		{A9AA82A9-50DF-43C7-A360-EE28BD55882E}.Release|Any CPU.Build.0 = Release|Any CPU
	EndGlobalSection
	GlobalSection(SolutionProperties) = preSolution
		HideSolutionNode = FALSE
	EndGlobalSection
	GlobalSection(NestedProjects) = preSolution
		{39F25ABC-8889-4A12-812D-CF961F38CE00} = {C46C40F0-F7A3-48A2-A9DD-F7CD1E31EBF7}
		{233A8D18-3FAF-4C32-AFFB-CE114DDB4639} = {637DF0A4-CAA9-4CA4-9B2F-722EBF7F2C28}
		{0E34B0E5-F204-4536-ABEE-78D93C28635B} = {233A8D18-3FAF-4C32-AFFB-CE114DDB4639}
		{CF2C6580-A8A0-42A9-A29B-F354CE76225F} = {233A8D18-3FAF-4C32-AFFB-CE114DDB4639}
		{675D4C55-FBE9-4830-A7F3-ACB7E2F83501} = {233A8D18-3FAF-4C32-AFFB-CE114DDB4639}
		{7561F31F-BB47-45B3-8050-B775D912A036} = {233A8D18-3FAF-4C32-AFFB-CE114DDB4639}
		{7B6E6048-A476-4046-A621-828E7CE0861F} = {233A8D18-3FAF-4C32-AFFB-CE114DDB4639}
		{82C8877F-FA7F-484A-80D3-2C865C1C7397} = {C99DDED1-6C97-42D2-B9F9-FA0205405A57}
		{BBB289A2-A7A3-4AF4-BBCE-9E95155EF2E3} = {1DB3DF37-DDAE-406D-B6E9-5391A2E81788}
		{A5DCE1AD-3D78-47EA-BAB3-175A9F263D0B} = {637DF0A4-CAA9-4CA4-9B2F-722EBF7F2C28}
		{C99DDED1-6C97-42D2-B9F9-FA0205405A57} = {637DF0A4-CAA9-4CA4-9B2F-722EBF7F2C28}
		{EDD154CF-11E5-44F3-B8C3-E6DE2EEC2B97} = {A5DCE1AD-3D78-47EA-BAB3-175A9F263D0B}
		{072791CA-DDE2-4BA3-963B-A92F0616BC41} = {A5DCE1AD-3D78-47EA-BAB3-175A9F263D0B}
		{8A15D723-ED93-4D50-8B22-4C9220675426} = {A5DCE1AD-3D78-47EA-BAB3-175A9F263D0B}
		{41313E9B-2665-4B97-A0C2-63B7004C87FC} = {A5DCE1AD-3D78-47EA-BAB3-175A9F263D0B}
		{CAB0AD9A-71F2-4650-BEB4-7BEE19D15723} = {A5DCE1AD-3D78-47EA-BAB3-175A9F263D0B}
		{A9AA82A9-50DF-43C7-A360-EE28BD55882E} = {C99DDED1-6C97-42D2-B9F9-FA0205405A57}
		{1DB3DF37-DDAE-406D-B6E9-5391A2E81788} = {637DF0A4-CAA9-4CA4-9B2F-722EBF7F2C28}
		{C46C40F0-F7A3-48A2-A9DD-F7CD1E31EBF7} = {637DF0A4-CAA9-4CA4-9B2F-722EBF7F2C28}
	EndGlobalSection
	GlobalSection(ExtensibilityGlobals) = postSolution
		SolutionGuid = {FDCA67AF-F0AE-48E8-93CD-C157E9AC6D63}
	EndGlobalSection
EndGlobal
